
Microsoft Visual Studio Solution File, Format Version 12.00
# Visual Studio Version 18
VisualStudioVersion = 18.2.11408.102 d18.0
MinimumVisualStudioVersion = 10.0.40219.1
Project("{FAE04EC0-301F-11D3-BF4B-00C04F79EFBC}") = "CustomerServiceWorkflow", "CustomerServiceWorkflow.csproj", "{12D52B9E-FBD6-59D4-15BB-9E614F34BDEA}"
EndProject
Global
	GlobalSection(SolutionConfigurationPlatforms) = preSolution
		Debug|Any CPU = Debug|Any CPU
		Release|Any CPU = Release|Any CPU
	EndGlobalSection
	GlobalSection(ProjectConfigurationPlatforms) = postSolution
		{12D52B9E-FBD6-59D4-15BB-9E614F34BDEA}.Debug|Any CPU.ActiveCfg = Debug|Any CPU
		{12D52B9E-FBD6-59D4-15BB-9E614F34BDEA}.Debug|Any CPU.Build.0 = Debug|Any CPU
		{12D52B9E-FBD6-59D4-15BB-9E614F34BDEA}.Release|Any CPU.ActiveCfg = Release|Any CPU
		{12D52B9E-FBD6-59D4-15BB-9E614F34BDEA}.Release|Any CPU.Build.0 = Release|Any CPU
	EndGlobalSection
	GlobalSection(SolutionProperties) = preSolution
		HideSolutionNode = FALSE
	EndGlobalSection
	GlobalSection(ExtensibilityGlobals) = postSolution
		SolutionGuid = {4E5536C3-0172-42A5-8E3A-44519EBF5473}
	EndGlobalSection
EndGlobal
