
Microsoft Visual Studio Solution File, Format Version 12.00
# Visual Studio Version 18
VisualStudioVersion = 18.2.11408.102 d18.0
MinimumVisualStudioVersion = 10.0.40219.1
Project("{FAE04EC0-301F-11D3-BF4B-00C04F79EFBC}") = "MahirlAndMath", "MahirlAndMath.csproj", "{99ED3212-C219-C43E-EE29-789C7791A5EB}"
EndProject
Global
	GlobalSection(SolutionConfigurationPlatforms) = preSolution
		Debug|Any CPU = Debug|Any CPU
		Release|Any CPU = Release|Any CPU
	EndGlobalSection
	GlobalSection(ProjectConfigurationPlatforms) = postSolution
		{99ED3212-C219-C43E-EE29-789C7791A5EB}.Debug|Any CPU.ActiveCfg = Debug|Any CPU
		{99ED3212-C219-C43E-EE29-789C7791A5EB}.Debug|Any CPU.Build.0 = Debug|Any CPU
		{99ED3212-C219-C43E-EE29-789C7791A5EB}.Release|Any CPU.ActiveCfg = Release|Any CPU
		{99ED3212-C219-C43E-EE29-789C7791A5EB}.Release|Any CPU.Build.0 = Release|Any CPU
	EndGlobalSection
	GlobalSection(SolutionProperties) = preSolution
		HideSolutionNode = FALSE
	EndGlobalSection
	GlobalSection(ExtensibilityGlobals) = postSolution
		SolutionGuid = {0DA5FE1A-C7A7-4B49-B9C5-5253331BD364}
	EndGlobalSection
EndGlobal
